
Microsoft Visual Studio Solution File, Format Version 12.00
# Visual Studio 15
VisualStudioVersion = 15.0.27428.1
MinimumVisualStudioVersion = 10.0.40219.1
Project("{FAE04EC0-301F-11D3-BF4B-00C04F79EFBC}") = "ContatoWeb", "ContatoWeb\ContatoWeb.csproj", "{92B34390-E05D-4CA3-818D-D661A56DC832}"
EndProject
Global
	GlobalSection(SolutionConfigurationPlatforms) = preSolution
		Debug|Any CPU = Debug|Any CPU
		Release|Any CPU = Release|Any CPU
	EndGlobalSection
	GlobalSection(ProjectConfigurationPlatforms) = postSolution
		{92B34390-E05D-4CA3-818D-D661A56DC832}.Debug|Any CPU.ActiveCfg = Debug|Any CPU
		{92B34390-E05D-4CA3-818D-D661A56DC832}.Debug|Any CPU.Build.0 = Debug|Any CPU
		{92B34390-E05D-4CA3-818D-D661A56DC832}.Release|Any CPU.ActiveCfg = Release|Any CPU
		{92B34390-E05D-4CA3-818D-D661A56DC832}.Release|Any CPU.Build.0 = Release|Any CPU
	EndGlobalSection
	GlobalSection(SolutionProperties) = preSolution
		HideSolutionNode = FALSE
	EndGlobalSection
	GlobalSection(ExtensibilityGlobals) = postSolution
		SolutionGuid = {9A8866D4-1859-4831-BC8F-A46CAFBC3991}
	EndGlobalSection
EndGlobal
